
Microsoft Visual Studio Solution File, Format Version 12.00
# Visual Studio Version 17
VisualStudioVersion = 17.8.34408.163
MinimumVisualStudioVersion = 10.0.40219.1
Project("{FAE04EC0-301F-11D3-BF4B-00C04F79EFBC}") = "modul10_1302223039", "modul10_1302223039\modul10_1302223039.csproj", "{644133CD-4A96-4982-B4AB-0A18E1514933}"
EndProject
Global
	GlobalSection(SolutionConfigurationPlatforms) = preSolution
		Debug|Any CPU = Debug|Any CPU
		Release|Any CPU = Release|Any CPU
	EndGlobalSection
	GlobalSection(ProjectConfigurationPlatforms) = postSolution
		{644133CD-4A96-4982-B4AB-0A18E1514933}.Debug|Any CPU.ActiveCfg = Debug|Any CPU
		{644133CD-4A96-4982-B4AB-0A18E1514933}.Debug|Any CPU.Build.0 = Debug|Any CPU
		{644133CD-4A96-4982-B4AB-0A18E1514933}.Release|Any CPU.ActiveCfg = Release|Any CPU
		{644133CD-4A96-4982-B4AB-0A18E1514933}.Release|Any CPU.Build.0 = Release|Any CPU
	EndGlobalSection
	GlobalSection(SolutionProperties) = preSolution
		HideSolutionNode = FALSE
	EndGlobalSection
	GlobalSection(ExtensibilityGlobals) = postSolution
		SolutionGuid = {6CE21017-C498-43BF-B503-3474426631C2}
	EndGlobalSection
EndGlobal
